
Microsoft Visual Studio Solution File, Format Version 12.00
# Visual Studio 15
Project("{FAE04EC0-301F-11D3-BF4B-00C04F79EFBC}") = "BiSheIot", "BiSheIot.csproj", "{3FD4DD5C-1BD7-9608-B955-53FFFF809D08}"
EndProject
Project("{FAE04EC0-301F-11D3-BF4B-00C04F79EFBC}") = "BiSheIot.Editor", "BiSheIot.Editor.csproj", "{4202F634-87FC-6E37-1149-B3A75FD6EF5E}"
EndProject
Global
	GlobalSection(SolutionConfigurationPlatforms) = preSolution
		Debug|Any CPU = Debug|Any CPU
		Release|Any CPU = Release|Any CPU
	EndGlobalSection
	GlobalSection(ProjectConfigurationPlatforms) = postSolution
		{3FD4DD5C-1BD7-9608-B955-53FFFF809D08}.Debug|Any CPU.ActiveCfg = Debug|Any CPU
		{3FD4DD5C-1BD7-9608-B955-53FFFF809D08}.Debug|Any CPU.Build.0 = Debug|Any CPU
		{3FD4DD5C-1BD7-9608-B955-53FFFF809D08}.Release|Any CPU.ActiveCfg = Release|Any CPU
		{3FD4DD5C-1BD7-9608-B955-53FFFF809D08}.Release|Any CPU.Build.0 = Release|Any CPU
		{4202F634-87FC-6E37-1149-B3A75FD6EF5E}.Debug|Any CPU.ActiveCfg = Debug|Any CPU
		{4202F634-87FC-6E37-1149-B3A75FD6EF5E}.Debug|Any CPU.Build.0 = Debug|Any CPU
		{4202F634-87FC-6E37-1149-B3A75FD6EF5E}.Release|Any CPU.ActiveCfg = Release|Any CPU
		{4202F634-87FC-6E37-1149-B3A75FD6EF5E}.Release|Any CPU.Build.0 = Release|Any CPU
	EndGlobalSection
	GlobalSection(SolutionProperties) = preSolution
		HideSolutionNode = FALSE
	EndGlobalSection
EndGlobal
