
Microsoft Visual Studio Solution File, Format Version 12.00
# Visual Studio 15
Project("{FAE04EC0-301F-11D3-BF4B-00C04F79EFBC}") = "FBXTest", "FBXTest.csproj", "{DC7C5BB7-478E-0B0D-D696-CB113D29EF67}"
EndProject
Project("{FAE04EC0-301F-11D3-BF4B-00C04F79EFBC}") = "FBXTest.Editor", "FBXTest.Editor.csproj", "{57A0AEE3-C80F-D11E-A26F-47267503A6EC}"
EndProject
Global
	GlobalSection(SolutionConfigurationPlatforms) = preSolution
		Debug|Any CPU = Debug|Any CPU
		Release|Any CPU = Release|Any CPU
	EndGlobalSection
	GlobalSection(ProjectConfigurationPlatforms) = postSolution
		{DC7C5BB7-478E-0B0D-D696-CB113D29EF67}.Debug|Any CPU.ActiveCfg = Debug|Any CPU
		{DC7C5BB7-478E-0B0D-D696-CB113D29EF67}.Debug|Any CPU.Build.0 = Debug|Any CPU
		{DC7C5BB7-478E-0B0D-D696-CB113D29EF67}.Release|Any CPU.ActiveCfg = Release|Any CPU
		{DC7C5BB7-478E-0B0D-D696-CB113D29EF67}.Release|Any CPU.Build.0 = Release|Any CPU
		{57A0AEE3-C80F-D11E-A26F-47267503A6EC}.Debug|Any CPU.ActiveCfg = Debug|Any CPU
		{57A0AEE3-C80F-D11E-A26F-47267503A6EC}.Debug|Any CPU.Build.0 = Debug|Any CPU
		{57A0AEE3-C80F-D11E-A26F-47267503A6EC}.Release|Any CPU.ActiveCfg = Release|Any CPU
		{57A0AEE3-C80F-D11E-A26F-47267503A6EC}.Release|Any CPU.Build.0 = Release|Any CPU
	EndGlobalSection
	GlobalSection(SolutionProperties) = preSolution
		HideSolutionNode = FALSE
	EndGlobalSection
EndGlobal
